
Microsoft Visual Studio Solution File, Format Version 12.00
# Visual Studio Version 17
VisualStudioVersion = 17.11.35327.3
MinimumVisualStudioVersion = 10.0.40219.1
Project("{9A19103F-16F7-4668-BE54-9A1E7A4F7556}") = "API", "API\API.csproj", "{2FDB1AB5-89A8-439B-96BE-660A9B8D792A}"
EndProject
Project("{9A19103F-16F7-4668-BE54-9A1E7A4F7556}") = "Apı", "Apı\Apı.csproj", "{50F5CEB7-F27F-4AE8-A353-E94D0670E964}"
EndProject
Project("{9A19103F-16F7-4668-BE54-9A1E7A4F7556}") = "Application", "Application\Application.csproj", "{FEA1D982-5A02-4805-BB55-AABAD1AAFA32}"
EndProject
Project("{9A19103F-16F7-4668-BE54-9A1E7A4F7556}") = "Domain", "Domain\Domain.csproj", "{24AE2FF0-470A-4808-91F2-C04451A2E2E1}"
EndProject
Project("{9A19103F-16F7-4668-BE54-9A1E7A4F7556}") = "Persistence", "Persistence\Persistence.csproj", "{92A02DC9-6AB2-4414-981B-B1A4E911135F}"
EndProject
Project("{9A19103F-16F7-4668-BE54-9A1E7A4F7556}") = "Repositories", "Repositories\Repositories.csproj", "{5AD63C03-3354-476D-B96B-19110DFC90DD}"
EndProject
Project("{9A19103F-16F7-4668-BE54-9A1E7A4F7556}") = "Services", "Services\Services.csproj", "{C9147A0B-3AC8-48C1-9CD8-EF5C167BBC68}"
EndProject
Project("{2150E333-8FDC-42A3-9474-1A3956D46DE8}") = "src", "src", "{37BE9598-77B1-4229-83C8-DC57141E266C}"
EndProject
Project("{2150E333-8FDC-42A3-9474-1A3956D46DE8}") = "test", "test", "{D94C7B0B-2E84-4F62-9146-5982678B3819}"
EndProject
Project("{2150E333-8FDC-42A3-9474-1A3956D46DE8}") = "API", "API", "{97E01E02-5827-4ABC-B43F-20C4931A79C1}"
EndProject
Project("{2150E333-8FDC-42A3-9474-1A3956D46DE8}") = "Core", "Core", "{5FD24183-3167-4245-B1EF-D50BDBCAF6A8}"
EndProject
Project("{2150E333-8FDC-42A3-9474-1A3956D46DE8}") = "Infrastructure", "Infrastructure", "{A2B6E5A9-4EF7-4083-9E4A-1112EE59A599}"
EndProject
Global
	GlobalSection(SolutionConfigurationPlatforms) = preSolution
		Debug|Any CPU = Debug|Any CPU
		Release|Any CPU = Release|Any CPU
	EndGlobalSection
	GlobalSection(ProjectConfigurationPlatforms) = postSolution
		{2FDB1AB5-89A8-439B-96BE-660A9B8D792A}.Debug|Any CPU.ActiveCfg = Debug|Any CPU
		{2FDB1AB5-89A8-439B-96BE-660A9B8D792A}.Debug|Any CPU.Build.0 = Debug|Any CPU
		{2FDB1AB5-89A8-439B-96BE-660A9B8D792A}.Release|Any CPU.ActiveCfg = Release|Any CPU
		{2FDB1AB5-89A8-439B-96BE-660A9B8D792A}.Release|Any CPU.Build.0 = Release|Any CPU
		{50F5CEB7-F27F-4AE8-A353-E94D0670E964}.Debug|Any CPU.ActiveCfg = Debug|Any CPU
		{50F5CEB7-F27F-4AE8-A353-E94D0670E964}.Debug|Any CPU.Build.0 = Debug|Any CPU
		{50F5CEB7-F27F-4AE8-A353-E94D0670E964}.Release|Any CPU.ActiveCfg = Release|Any CPU
		{50F5CEB7-F27F-4AE8-A353-E94D0670E964}.Release|Any CPU.Build.0 = Release|Any CPU
		{FEA1D982-5A02-4805-BB55-AABAD1AAFA32}.Debug|Any CPU.ActiveCfg = Debug|Any CPU
		{FEA1D982-5A02-4805-BB55-AABAD1AAFA32}.Debug|Any CPU.Build.0 = Debug|Any CPU
		{FEA1D982-5A02-4805-BB55-AABAD1AAFA32}.Release|Any CPU.ActiveCfg = Release|Any CPU
		{FEA1D982-5A02-4805-BB55-AABAD1AAFA32}.Release|Any CPU.Build.0 = Release|Any CPU
		{24AE2FF0-470A-4808-91F2-C04451A2E2E1}.Debug|Any CPU.ActiveCfg = Debug|Any CPU
		{24AE2FF0-470A-4808-91F2-C04451A2E2E1}.Debug|Any CPU.Build.0 = Debug|Any CPU
		{24AE2FF0-470A-4808-91F2-C04451A2E2E1}.Release|Any CPU.ActiveCfg = Release|Any CPU
		{24AE2FF0-470A-4808-91F2-C04451A2E2E1}.Release|Any CPU.Build.0 = Release|Any CPU
		{92A02DC9-6AB2-4414-981B-B1A4E911135F}.Debug|Any CPU.ActiveCfg = Debug|Any CPU
		{92A02DC9-6AB2-4414-981B-B1A4E911135F}.Debug|Any CPU.Build.0 = Debug|Any CPU
		{92A02DC9-6AB2-4414-981B-B1A4E911135F}.Release|Any CPU.ActiveCfg = Release|Any CPU
		{92A02DC9-6AB2-4414-981B-B1A4E911135F}.Release|Any CPU.Build.0 = Release|Any CPU
		{5AD63C03-3354-476D-B96B-19110DFC90DD}.Debug|Any CPU.ActiveCfg = Debug|Any CPU
		{5AD63C03-3354-476D-B96B-19110DFC90DD}.Debug|Any CPU.Build.0 = Debug|Any CPU
		{5AD63C03-3354-476D-B96B-19110DFC90DD}.Release|Any CPU.ActiveCfg = Release|Any CPU
		{5AD63C03-3354-476D-B96B-19110DFC90DD}.Release|Any CPU.Build.0 = Release|Any CPU
		{C9147A0B-3AC8-48C1-9CD8-EF5C167BBC68}.Debug|Any CPU.ActiveCfg = Debug|Any CPU
		{C9147A0B-3AC8-48C1-9CD8-EF5C167BBC68}.Debug|Any CPU.Build.0 = Debug|Any CPU
		{C9147A0B-3AC8-48C1-9CD8-EF5C167BBC68}.Release|Any CPU.ActiveCfg = Release|Any CPU
		{C9147A0B-3AC8-48C1-9CD8-EF5C167BBC68}.Release|Any CPU.Build.0 = Release|Any CPU
	EndGlobalSection
	GlobalSection(SolutionProperties) = preSolution
		HideSolutionNode = FALSE
	EndGlobalSection
	GlobalSection(NestedProjects) = preSolution
		{50F5CEB7-F27F-4AE8-A353-E94D0670E964} = {97E01E02-5827-4ABC-B43F-20C4931A79C1}
		{FEA1D982-5A02-4805-BB55-AABAD1AAFA32} = {5FD24183-3167-4245-B1EF-D50BDBCAF6A8}
		{24AE2FF0-470A-4808-91F2-C04451A2E2E1} = {5FD24183-3167-4245-B1EF-D50BDBCAF6A8}
		{92A02DC9-6AB2-4414-981B-B1A4E911135F} = {A2B6E5A9-4EF7-4083-9E4A-1112EE59A599}
		{97E01E02-5827-4ABC-B43F-20C4931A79C1} = {37BE9598-77B1-4229-83C8-DC57141E266C}
		{5FD24183-3167-4245-B1EF-D50BDBCAF6A8} = {37BE9598-77B1-4229-83C8-DC57141E266C}
		{A2B6E5A9-4EF7-4083-9E4A-1112EE59A599} = {37BE9598-77B1-4229-83C8-DC57141E266C}
	EndGlobalSection
	GlobalSection(ExtensibilityGlobals) = postSolution
		SolutionGuid = {EA8B5B42-D342-4E6A-AB9C-3F033A1E9A30}
	EndGlobalSection
EndGlobal
